
Microsoft Visual Studio Solution File, Format Version 12.00
# Visual Studio 15
VisualStudioVersion = 15.0.26730.8
MinimumVisualStudioVersion = 10.0.40219.1
Project("{FAE04EC0-301F-11D3-BF4B-00C04F79EFBC}") = "Extent_Specflow", "Extent_Specflow\Extent_Specflow.csproj", "{5DD092F9-C379-4233-99B1-1EA73B6ED063}"
EndProject
Global
	GlobalSection(SolutionConfigurationPlatforms) = preSolution
		Debug|Any CPU = Debug|Any CPU
		Release|Any CPU = Release|Any CPU
	EndGlobalSection
	GlobalSection(ProjectConfigurationPlatforms) = postSolution
		{5DD092F9-C379-4233-99B1-1EA73B6ED063}.Debug|Any CPU.ActiveCfg = Debug|Any CPU
		{5DD092F9-C379-4233-99B1-1EA73B6ED063}.Debug|Any CPU.Build.0 = Debug|Any CPU
		{5DD092F9-C379-4233-99B1-1EA73B6ED063}.Release|Any CPU.ActiveCfg = Release|Any CPU
		{5DD092F9-C379-4233-99B1-1EA73B6ED063}.Release|Any CPU.Build.0 = Release|Any CPU
	EndGlobalSection
	GlobalSection(SolutionProperties) = preSolution
		HideSolutionNode = FALSE
	EndGlobalSection
	GlobalSection(ExtensibilityGlobals) = postSolution
		SolutionGuid = {41674CDF-137B-4050-A7ED-A3DEBB9F69DB}
	EndGlobalSection
EndGlobal
